{
  "lockfile_version": "1",
  "packages": {
    "gcc@latest": {
      "last_modified": "2025-12-31T03:27:36Z",
      "resolved": "github:NixOS/nixpkgs/f665af0cdb70ed27e1bd8f9fdfecaf451260fc55#gcc",
      "source": "devbox-search",
      "version": "15.2.0",
      "systems": {
        "aarch64-darwin": {
          "outputs": [
            {
              "name": "out",
              "path": "/nix/store/cjkf5fm587xv34pz9zfs3q2qpvij61fz-gcc-wrapper-15.2.0",
              "default": true
            },
            {
              "name": "man",
              "path": "/nix/store/n9c07ydj81mzvxl4fyv71sr0bh6hlqx7-gcc-wrapper-15.2.0-man",
              "default": true
            },
            {
              "name": "info",
              "path": "/nix/store/r086c97c0vkdq9n8dnpm5zjbhnqs96i5-gcc-wrapper-15.2.0-info"
            }
          ],
          "store_path": "/nix/store/cjkf5fm587xv34pz9zfs3q2qpvij61fz-gcc-wrapper-15.2.0"
        },
        "aarch64-linux": {
          "outputs": [
            {
              "name": "out",
              "path": "/nix/store/484f8q8xa48icqgdq9b67vhq8clcqjy9-gcc-wrapper-15.2.0",
              "default": true
            },
            {
              "name": "man",
              "path": "/nix/store/i5w0g1mv1gsjqwb88s676h7r6bf0dkck-gcc-wrapper-15.2.0-man",
              "default": true
            },
            {
              "name": "info",
              "path": "/nix/store/wwsyxl18xjb1f6pg2xv69agggcyp5zqm-gcc-wrapper-15.2.0-info"
            }
          ],
          "store_path": "/nix/store/484f8q8xa48icqgdq9b67vhq8clcqjy9-gcc-wrapper-15.2.0"
        },
        "x86_64-darwin": {
          "outputs": [
            {
              "name": "out",
              "path": "/nix/store/gda582qvway6j4vzb59mcj0gyd27hn74-gcc-wrapper-15.2.0",
              "default": true
            },
            {
              "name": "man",
              "path": "/nix/store/32lvjag88g789138a1z93bid19cs63ih-gcc-wrapper-15.2.0-man",
              "default": true
            },
            {
              "name": "info",
              "path": "/nix/store/zb55nrn2w6nd97vxgwn8j9xsb1s114mv-gcc-wrapper-15.2.0-info"
            }
          ],
          "store_path": "/nix/store/gda582qvway6j4vzb59mcj0gyd27hn74-gcc-wrapper-15.2.0"
        },
        "x86_64-linux": {
          "outputs": [
            {
              "name": "out",
              "path": "/nix/store/r9wbjib6xxjkyb9yvjvrkl4sq61i2lyn-gcc-wrapper-15.2.0",
              "default": true
            },
            {
              "name": "man",
              "path": "/nix/store/q6dzfz3cm4s2pd55zmmb8jrjlzsr82jp-gcc-wrapper-15.2.0-man",
              "default": true
            },
            {
              "name": "info",
              "path": "/nix/store/6jgb7knb0y6df1ni0kiwbmzg8kp193sk-gcc-wrapper-15.2.0-info"
            }
          ],
          "store_path": "/nix/store/r9wbjib6xxjkyb9yvjvrkl4sq61i2lyn-gcc-wrapper-15.2.0"
        }
      }
    },
    "github:NixOS/nixpkgs/nixpkgs-unstable": {
      "last_modified": "2026-01-16T13:18:18Z",
      "resolved": "github:NixOS/nixpkgs/be5afa0fcb31f0a96bf9ecba05a516c66fcd8114?lastModified=1768569498&narHash=sha256-bB6Nt99Cj8Nu5nIUq0GLmpiErIT5KFshMQJGMZwgqUo%3D"
    },
    "glibcLocales@latest": {
      "last_modified": "2025-12-31T03:27:36Z",
      "resolved": "github:NixOS/nixpkgs/f665af0cdb70ed27e1bd8f9fdfecaf451260fc55#glibcLocales",
      "source": "devbox-search",
      "version": "2.40-66",
      "systems": {
        "aarch64-linux": {
          "outputs": [
            {
              "name": "out",
              "path": "/nix/store/0mrra8k6h7dvs6dmq3f4ilsm0v33d01z-glibc-locales-2.40-66",
              "default": true
            }
          ],
          "store_path": "/nix/store/0mrra8k6h7dvs6dmq3f4ilsm0v33d01z-glibc-locales-2.40-66"
        },
        "x86_64-linux": {
          "outputs": [
            {
              "name": "out",
              "path": "/nix/store/wmwyf3bxrhg5ssd477dp99986wh4mzmm-glibc-locales-2.40-66",
              "default": true
            }
          ],
          "store_path": "/nix/store/wmwyf3bxrhg5ssd477dp99986wh4mzmm-glibc-locales-2.40-66"
        }
      }
    },
    "nodejs@latest": {
      "last_modified": "2026-01-14T12:51:35Z",
      "plugin_version": "0.0.2",
      "resolved": "github:NixOS/nixpkgs/13868c071cc73a5e9f610c47d7bb08e5da64fdd5#nodejs_25",
      "source": "devbox-search",
      "version": "25.3.0",
      "systems": {
        "aarch64-darwin": {
          "outputs": [
            {
              "name": "out",
              "path": "/nix/store/k6m3ycx0d199wj6k25w0v464ylq4rxq7-nodejs-25.3.0",
              "default": true
            },
            {
              "name": "dev",
              "path": "/nix/store/nzgf44hn9zr0fzg3l3n1adisrrs4ajmv-nodejs-25.3.0-dev"
            },
            {
              "name": "libv8",
              "path": "/nix/store/71gkz93f07cczgilyxpc8kvrbfj30h6w-nodejs-25.3.0-libv8"
            }
          ],
          "store_path": "/nix/store/k6m3ycx0d199wj6k25w0v464ylq4rxq7-nodejs-25.3.0"
        },
        "aarch64-linux": {
          "outputs": [
            {
              "name": "out",
              "path": "/nix/store/dmqgxh2hgbxygqc86kg1s14032hvq9nz-nodejs-25.3.0",
              "default": true
            },
            {
              "name": "dev",
              "path": "/nix/store/kdgcbcb8yh3pa4cbbr4cv8k9c8d3zfjw-nodejs-25.3.0-dev"
            },
            {
              "name": "libv8",
              "path": "/nix/store/pmscxpbp2bpy3fqhl0kgnlvm6hbjvpj5-nodejs-25.3.0-libv8"
            }
          ],
          "store_path": "/nix/store/dmqgxh2hgbxygqc86kg1s14032hvq9nz-nodejs-25.3.0"
        },
        "x86_64-darwin": {
          "outputs": [
            {
              "name": "out",
              "path": "/nix/store/5wjyfay85d8qnxh61phfvan2wzcnihpn-nodejs-25.3.0",
              "default": true
            },
            {
              "name": "dev",
              "path": "/nix/store/h51crf2a9a01ixck84kach1h3fp924pa-nodejs-25.3.0-dev"
            },
            {
              "name": "libv8",
              "path": "/nix/store/h2r78kcgxkp7absbyzlsnjw99ljckjxh-nodejs-25.3.0-libv8"
            }
          ],
          "store_path": "/nix/store/5wjyfay85d8qnxh61phfvan2wzcnihpn-nodejs-25.3.0"
        },
        "x86_64-linux": {
          "outputs": [
            {
              "name": "out",
              "path": "/nix/store/mnidlfk3ld1n0dll0zdd4mhzbq9phn9n-nodejs-25.3.0",
              "default": true
            },
            {
              "name": "dev",
              "path": "/nix/store/hj75q4m68bh0hf4vgvfj2qdi9gnszw08-nodejs-25.3.0-dev"
            },
            {
              "name": "libv8",
              "path": "/nix/store/icqs2k7jmm6bnykpgyjk3bng65hxs8rq-nodejs-25.3.0-libv8"
            }
          ],
          "store_path": "/nix/store/mnidlfk3ld1n0dll0zdd4mhzbq9phn9n-nodejs-25.3.0"
        }
      }
    },
    "poetry@latest": {
      "last_modified": "2026-01-09T13:41:53Z",
      "plugin_version": "0.0.4",
      "resolved": "github:NixOS/nixpkgs/5f02c91314c8ba4afe83b256b023756412218535#poetry",
      "source": "devbox-search",
      "version": "2.2.1",
      "systems": {
        "aarch64-darwin": {
          "outputs": [
            {
              "name": "out",
              "path": "/nix/store/mxk5m0cfdv3cqicx15r97gn982z1m380-python3.13-poetry-2.2.1",
              "default": true
            },
            {
              "name": "dist",
              "path": "/nix/store/wb27ijqwf0xb555864wqkid0jcs73931-python3.13-poetry-2.2.1-dist"
            }
          ],
          "store_path": "/nix/store/mxk5m0cfdv3cqicx15r97gn982z1m380-python3.13-poetry-2.2.1"
        },
        "aarch64-linux": {
          "outputs": [
            {
              "name": "out",
              "path": "/nix/store/s7xkby9zjvvdab3v6m9lc38yj8ai74qw-python3.13-poetry-2.2.1",
              "default": true
            },
            {
              "name": "dist",
              "path": "/nix/store/z9a0il3zbfan1blpnljk4mhdxgdfqhb9-python3.13-poetry-2.2.1-dist"
            }
          ],
          "store_path": "/nix/store/s7xkby9zjvvdab3v6m9lc38yj8ai74qw-python3.13-poetry-2.2.1"
        },
        "x86_64-darwin": {
          "outputs": [
            {
              "name": "out",
              "path": "/nix/store/03nh5j3qglpzi89m2q0vws1wda9l9czj-python3.13-poetry-2.2.1",
              "default": true
            },
            {
              "name": "dist",
              "path": "/nix/store/yil4n29s728rkf22jjx0sj6q6sx3hmvl-python3.13-poetry-2.2.1-dist"
            }
          ],
          "store_path": "/nix/store/03nh5j3qglpzi89m2q0vws1wda9l9czj-python3.13-poetry-2.2.1"
        },
        "x86_64-linux": {
          "outputs": [
            {
              "name": "out",
              "path": "/nix/store/zv4va3swx5qcnlmx801p63n7jx59fgpl-python3.13-poetry-2.2.1",
              "default": true
            },
            {
              "name": "dist",
              "path": "/nix/store/5s4yf66g1l2vq2z113wphp13v3pvvi4f-python3.13-poetry-2.2.1-dist"
            }
          ],
          "store_path": "/nix/store/zv4va3swx5qcnlmx801p63n7jx59fgpl-python3.13-poetry-2.2.1"
        }
      }
    },
    "postgresql@17": {
      "last_modified": "2026-01-14T12:51:35Z",
      "plugin_version": "0.0.2",
      "resolved": "github:NixOS/nixpkgs/13868c071cc73a5e9f610c47d7bb08e5da64fdd5#postgresql",
      "source": "devbox-search",
      "version": "17.7",
      "systems": {
        "aarch64-darwin": {
          "outputs": [
            {
              "name": "out",
              "path": "/nix/store/8dqr0i6k6r2cjfgd2r5jyaihbdicqb9c-postgresql-17.7",
              "default": true
            },
            {
              "name": "man",
              "path": "/nix/store/s2gh48ry0g2a7hirrz942vimrpbqyl55-postgresql-17.7-man",
              "default": true
            },
            {
              "name": "doc",
              "path": "/nix/store/xlwzzw07nq8pa1jc8wmhpbxrwa007rni-postgresql-17.7-doc"
            },
            {
              "name": "jit",
              "path": "/nix/store/kh8iw4ca7ih8r94jyl6znd8wav2qi4dx-postgresql-17.7-jit"
            },
            {
              "name": "plperl",
              "path": "/nix/store/6lg8fkwvrd17jbcb2l8l7j48s5xc2y99-postgresql-17.7-plperl"
            },
            {
              "name": "dev",
              "path": "/nix/store/8kg783mqr60dmyw35anha0d6zlib7lwz-postgresql-17.7-dev"
            },
            {
              "name": "lib",
              "path": "/nix/store/m23h5shn5pyaqyrsy2i9k8y0avq3q7fk-postgresql-17.7-lib"
            },
            {
              "name": "plpython3",
              "path": "/nix/store/akkb0xddh9x3mvx171x6q15llbq9vvn2-postgresql-17.7-plpython3"
            },
            {
              "name": "pltcl",
              "path": "/nix/store/42zznqzjy6gx8j9h1w6hgcb7p87zw0ia-postgresql-17.7-pltcl"
            }
          ],
          "store_path": "/nix/store/8dqr0i6k6r2cjfgd2r5jyaihbdicqb9c-postgresql-17.7"
        },
        "aarch64-linux": {
          "outputs": [
            {
              "name": "out",
              "path": "/nix/store/r3cq6ifd8dndaz2a2c97y4pyv9amdwlb-postgresql-17.7",
              "default": true
            },
            {
              "name": "man",
              "path": "/nix/store/93w6fqzxm18brzwi094zyxf1hgjk3szw-postgresql-17.7-man",
              "default": true
            },
            {
              "name": "jit",
              "path": "/nix/store/b4dg21h7i76kcicqllfp1n4ql4fifgs1-postgresql-17.7-jit"
            },
            {
              "name": "lib",
              "path": "/nix/store/hysdhdjqsc85k4bw4j5hccl9n98pqrbb-postgresql-17.7-lib"
            },
            {
              "name": "plperl",
              "path": "/nix/store/8f5z95sc7hbd59k083fr5xz5rzasbdjx-postgresql-17.7-plperl"
            },
            {
              "name": "debug",
              "path": "/nix/store/4rzzps7glgm5572iw0braakyn63776am-postgresql-17.7-debug"
            },
            {
              "name": "dev",
              "path": "/nix/store/3a498ahpaznkmjimk8kdl5hmhjb7z244-postgresql-17.7-dev"
            },
            {
              "name": "doc",
              "path": "/nix/store/gwbd5flzj0zbknf4sp18brrnmqaam97z-postgresql-17.7-doc"
            },
            {
              "name": "plpython3",
              "path": "/nix/store/r7y5jg6y5w9sqj51i8q7zmajy57981hp-postgresql-17.7-plpython3"
            },
            {
              "name": "pltcl",
              "path": "/nix/store/v0ggcg3g5n2vcfdidby54i3866kdc7h0-postgresql-17.7-pltcl"
            }
          ],
          "store_path": "/nix/store/r3cq6ifd8dndaz2a2c97y4pyv9amdwlb-postgresql-17.7"
        },
        "x86_64-darwin": {
          "outputs": [
            {
              "name": "out",
              "path": "/nix/store/knah3fbhsvy10k6vmq5h10rs8zq5fkq0-postgresql-17.7",
              "default": true
            },
            {
              "name": "man",
              "path": "/nix/store/a7n49b2xgpazzkxazbbz5azbcgqwc5c1-postgresql-17.7-man",
              "default": true
            },
            {
              "name": "dev",
              "path": "/nix/store/x9n4zsrf6w58q5nv4dn1k0sdfh7ij0m1-postgresql-17.7-dev"
            },
            {
              "name": "doc",
              "path": "/nix/store/xb6273jkz7z53f5jslp3r05hhk9im7hd-postgresql-17.7-doc"
            },
            {
              "name": "lib",
              "path": "/nix/store/zskadb0lrlr10lvz3km5qix08s5gd6rh-postgresql-17.7-lib"
            },
            {
              "name": "jit",
              "path": "/nix/store/88qzagg7g7ml1hanjfbzy7izgg9jn6ms-postgresql-17.7-jit"
            },
            {
              "name": "plperl",
              "path": "/nix/store/sih8xbyl6i42zh5xavs0hnazpvx6wkgc-postgresql-17.7-plperl"
            },
            {
              "name": "plpython3",
              "path": "/nix/store/vza2y572p75laww7idjg1bcnc8k7k15z-postgresql-17.7-plpython3"
            },
            {
              "name": "pltcl",
              "path": "/nix/store/1p37i9g824zl3kva154jdjngxrrbhh09-postgresql-17.7-pltcl"
            }
          ],
          "store_path": "/nix/store/knah3fbhsvy10k6vmq5h10rs8zq5fkq0-postgresql-17.7"
        },
        "x86_64-linux": {
          "outputs": [
            {
              "name": "out",
              "path": "/nix/store/n3aadx4a3200n06gsgy8j3sy7s94yi6y-postgresql-17.7",
              "default": true
            },
            {
              "name": "man",
              "path": "/nix/store/ccmlcmir2hg0fvhbw0pkkxy4filijk72-postgresql-17.7-man",
              "default": true
            },
            {
              "name": "pltcl",
              "path": "/nix/store/mg08fawdfkjb5hpbs0wp1wjnl3v41gkd-postgresql-17.7-pltcl"
            },
            {
              "name": "dev",
              "path": "/nix/store/g6c7nb4db5g2ili287v4878cxbfj8y3b-postgresql-17.7-dev"
            },
            {
              "name": "jit",
              "path": "/nix/store/9hsb8rxdgvq8rsxm4nwqbr78j6aqmxnb-postgresql-17.7-jit"
            },
            {
              "name": "lib",
              "path": "/nix/store/yxxxv1a4v1y80mqv68fsa2z0h62h16n7-postgresql-17.7-lib"
            },
            {
              "name": "plperl",
              "path": "/nix/store/gfs1k03967qqwa07vb4nngvngfa8c98b-postgresql-17.7-plperl"
            },
            {
              "name": "plpython3",
              "path": "/nix/store/y6cmkd3fd2cqkf2nammdjbisargqf4s1-postgresql-17.7-plpython3"
            },
            {
              "name": "debug",
              "path": "/nix/store/87vkh12z8jzqppbf6sv20jbqbjw2lzdb-postgresql-17.7-debug"
            },
            {
              "name": "doc",
              "path": "/nix/store/ijq8h2qr148yf1lw26804h1iwgkfxldy-postgresql-17.7-doc"
            }
          ],
          "store_path": "/nix/store/n3aadx4a3200n06gsgy8j3sy7s94yi6y-postgresql-17.7"
        }
      }
    },
    "pre-commit@latest": {
      "last_modified": "2025-12-31T03:27:36Z",
      "resolved": "github:NixOS/nixpkgs/f665af0cdb70ed27e1bd8f9fdfecaf451260fc55#pre-commit",
      "source": "devbox-search",
      "version": "4.5.1",
      "systems": {
        "aarch64-darwin": {
          "outputs": [
            {
              "name": "out",
              "path": "/nix/store/y7afff6v2igvvscviwqkwc49mk94hzxy-pre-commit-4.5.1",
              "default": true
            },
            {
              "name": "dist",
              "path": "/nix/store/ndm3g4yic9gybzjyaxzvxqbmmrzi3d8b-pre-commit-4.5.1-dist"
            }
          ],
          "store_path": "/nix/store/y7afff6v2igvvscviwqkwc49mk94hzxy-pre-commit-4.5.1"
        },
        "aarch64-linux": {
          "outputs": [
            {
              "name": "out",
              "path": "/nix/store/y2vh3afpi4qiq46hqrmg96qnqbym7wh4-pre-commit-4.5.1",
              "default": true
            },
            {
              "name": "dist",
              "path": "/nix/store/a08890vxnspsj9wf9972saqa0rwy5kcx-pre-commit-4.5.1-dist"
            }
          ],
          "store_path": "/nix/store/y2vh3afpi4qiq46hqrmg96qnqbym7wh4-pre-commit-4.5.1"
        },
        "x86_64-darwin": {
          "outputs": [
            {
              "name": "out",
              "path": "/nix/store/wyg085f47v7db58mzbkba0qir4qd2w34-pre-commit-4.5.1",
              "default": true
            },
            {
              "name": "dist",
              "path": "/nix/store/an75bxba9v4712spgir3qx76wpvd6cvc-pre-commit-4.5.1-dist"
            }
          ],
          "store_path": "/nix/store/wyg085f47v7db58mzbkba0qir4qd2w34-pre-commit-4.5.1"
        },
        "x86_64-linux": {
          "outputs": [
            {
              "name": "out",
              "path": "/nix/store/dkrzzx1xvhs3ibz6p3mq7d35b9fjliw4-pre-commit-4.5.1",
              "default": true
            },
            {
              "name": "dist",
              "path": "/nix/store/55bcdsvif6i0ndvp09j0ccrvk2r9b98w-pre-commit-4.5.1-dist"
            }
          ],
          "store_path": "/nix/store/dkrzzx1xvhs3ibz6p3mq7d35b9fjliw4-pre-commit-4.5.1"
        }
      }
    },
    "python312@latest": {
      "last_modified": "2025-12-31T03:27:36Z",
      "plugin_version": "0.0.4",
      "resolved": "github:NixOS/nixpkgs/f665af0cdb70ed27e1bd8f9fdfecaf451260fc55#python312",
      "source": "devbox-search",
      "version": "3.12.12",
      "systems": {
        "aarch64-darwin": {
          "outputs": [
            {
              "name": "out",
              "path": "/nix/store/bzy1s8kfnz8hsc96ji7pwn0377wwsgw5-python3-3.12.12",
              "default": true
            }
          ],
          "store_path": "/nix/store/bzy1s8kfnz8hsc96ji7pwn0377wwsgw5-python3-3.12.12"
        },
        "aarch64-linux": {
          "outputs": [
            {
              "name": "out",
              "path": "/nix/store/wh5w9bgdwkfwamk5vs9pq36ncqj1rhwq-python3-3.12.12",
              "default": true
            },
            {
              "name": "debug",
              "path": "/nix/store/nqi4qn3skyrn8pbfzszcc622ms7arbcp-python3-3.12.12-debug"
            }
          ],
          "store_path": "/nix/store/wh5w9bgdwkfwamk5vs9pq36ncqj1rhwq-python3-3.12.12"
        },
        "x86_64-darwin": {
          "outputs": [
            {
              "name": "out",
              "path": "/nix/store/izh5ff9bjyz5sr7siaypz3333rfzifz0-python3-3.12.12",
              "default": true
            }
          ],
          "store_path": "/nix/store/izh5ff9bjyz5sr7siaypz3333rfzifz0-python3-3.12.12"
        },
        "x86_64-linux": {
          "outputs": [
            {
              "name": "out",
              "path": "/nix/store/iizfzmqjdfvbyx82gqw92glb5zl6m4my-python3-3.12.12",
              "default": true
            },
            {
              "name": "debug",
              "path": "/nix/store/czxfvqyngv5zg2l2ylcgbby5r51w7z2w-python3-3.12.12-debug"
            }
          ],
          "store_path": "/nix/store/iizfzmqjdfvbyx82gqw92glb5zl6m4my-python3-3.12.12"
        }
      }
    }
  }
}
